
Microsoft Visual Studio Solution File, Format Version 12.00
Project("{2150E333-8FDC-42A3-9474-1A3956D46DE8}") = "BinExchangeAPI", "BinExchangeAPI", "{913F4CE4-0797-43E1-B94B-DA4EB6E6C0E0}"
EndProject
Project("{2150E333-8FDC-42A3-9474-1A3956D46DE8}") = "TradingStatisticService", "TradingStatisticService", "{AB8D1E29-A2E1-4A06-917E-E24451B08E24}"
EndProject
Project("{2150E333-8FDC-42A3-9474-1A3956D46DE8}") = "AlertingService", "AlertingService", "{4DD1D523-EF2B-4B3A-8D52-0DD0EDB96026}"
EndProject
Project("{2150E333-8FDC-42A3-9474-1A3956D46DE8}") = "KeyService", "KeyService", "{045B6016-F9C0-4BA5-BC02-D74E614BCF0C}"
EndProject
Project("{2150E333-8FDC-42A3-9474-1A3956D46DE8}") = "OrderService", "OrderService", "{902F1C4F-0C7A-412E-A4DF-BC8531BCA2BA}"
EndProject
Project("{FAE04EC0-301F-11D3-BF4B-00C04F79EFBC}") = "AlertingAPI", "AlertingAPI\AlertingAPI.csproj", "{409EFA85-4EBA-43BB-8093-CB2DE12E805D}"
EndProject
Project("{2150E333-8FDC-42A3-9474-1A3956D46DE8}") = "src", "src", "{61660FC4-ADC2-4813-83F6-9F8240084EA5}"
EndProject
Project("{2150E333-8FDC-42A3-9474-1A3956D46DE8}") = "ApiGateways", "ApiGateways", "{22477B35-964E-4385-903E-714692BB3ADD}"
EndProject
Project("{2150E333-8FDC-42A3-9474-1A3956D46DE8}") = "Services", "Services", "{BAB93EF4-A6EE-494B-A883-7F5676FB938F}"
EndProject
Project("{FAE04EC0-301F-11D3-BF4B-00C04F79EFBC}") = "OrderApi", "OrderApi\OrderApi.csproj", "{09190157-EFCB-4F3D-89E0-B5C21419C42F}"
EndProject
Project("{2150E333-8FDC-42A3-9474-1A3956D46DE8}") = "OrderConfirmationService", "OrderConfirmationService", "{FAC9AC3B-8CB6-4202-8137-66D51AF93C9A}"
EndProject
Project("{2150E333-8FDC-42A3-9474-1A3956D46DE8}") = "PriceChangerService", "PriceChangerService", "{8279747E-01BA-4E2F-B590-7811B7620694}"
EndProject
Project("{FAE04EC0-301F-11D3-BF4B-00C04F79EFBC}") = "TradingStatisticAPI", "TradingStatisticAPI\TradingStatisticAPI.csproj", "{E7413A50-6394-4844-93E7-BE4C9A0B8710}"
EndProject
Project("{FAE04EC0-301F-11D3-BF4B-00C04F79EFBC}") = "OrderConfirmationApi", "OrderConfirmationApi\OrderConfirmationApi.csproj", "{EB9BD24C-E584-488D-9396-73E0BA9E4C41}"
EndProject
Global
	GlobalSection(SolutionConfigurationPlatforms) = preSolution
		Debug|Any CPU = Debug|Any CPU
		Release|Any CPU = Release|Any CPU
	EndGlobalSection
	GlobalSection(ProjectConfigurationPlatforms) = postSolution
		{409EFA85-4EBA-43BB-8093-CB2DE12E805D}.Debug|Any CPU.ActiveCfg = Debug|Any CPU
		{409EFA85-4EBA-43BB-8093-CB2DE12E805D}.Debug|Any CPU.Build.0 = Debug|Any CPU
		{409EFA85-4EBA-43BB-8093-CB2DE12E805D}.Release|Any CPU.ActiveCfg = Release|Any CPU
		{409EFA85-4EBA-43BB-8093-CB2DE12E805D}.Release|Any CPU.Build.0 = Release|Any CPU
		{09190157-EFCB-4F3D-89E0-B5C21419C42F}.Debug|Any CPU.ActiveCfg = Debug|Any CPU
		{09190157-EFCB-4F3D-89E0-B5C21419C42F}.Debug|Any CPU.Build.0 = Debug|Any CPU
		{09190157-EFCB-4F3D-89E0-B5C21419C42F}.Release|Any CPU.ActiveCfg = Release|Any CPU
		{09190157-EFCB-4F3D-89E0-B5C21419C42F}.Release|Any CPU.Build.0 = Release|Any CPU
		{E7413A50-6394-4844-93E7-BE4C9A0B8710}.Debug|Any CPU.ActiveCfg = Debug|Any CPU
		{E7413A50-6394-4844-93E7-BE4C9A0B8710}.Debug|Any CPU.Build.0 = Debug|Any CPU
		{E7413A50-6394-4844-93E7-BE4C9A0B8710}.Release|Any CPU.ActiveCfg = Release|Any CPU
		{E7413A50-6394-4844-93E7-BE4C9A0B8710}.Release|Any CPU.Build.0 = Release|Any CPU
		{EB9BD24C-E584-488D-9396-73E0BA9E4C41}.Debug|Any CPU.ActiveCfg = Debug|Any CPU
		{EB9BD24C-E584-488D-9396-73E0BA9E4C41}.Debug|Any CPU.Build.0 = Debug|Any CPU
		{EB9BD24C-E584-488D-9396-73E0BA9E4C41}.Release|Any CPU.ActiveCfg = Release|Any CPU
		{EB9BD24C-E584-488D-9396-73E0BA9E4C41}.Release|Any CPU.Build.0 = Release|Any CPU
	EndGlobalSection
	GlobalSection(NestedProjects) = preSolution
		{409EFA85-4EBA-43BB-8093-CB2DE12E805D} = {4DD1D523-EF2B-4B3A-8D52-0DD0EDB96026}
		{22477B35-964E-4385-903E-714692BB3ADD} = {61660FC4-ADC2-4813-83F6-9F8240084EA5}
		{BAB93EF4-A6EE-494B-A883-7F5676FB938F} = {61660FC4-ADC2-4813-83F6-9F8240084EA5}
		{902F1C4F-0C7A-412E-A4DF-BC8531BCA2BA} = {BAB93EF4-A6EE-494B-A883-7F5676FB938F}
		{4DD1D523-EF2B-4B3A-8D52-0DD0EDB96026} = {BAB93EF4-A6EE-494B-A883-7F5676FB938F}
		{913F4CE4-0797-43E1-B94B-DA4EB6E6C0E0} = {BAB93EF4-A6EE-494B-A883-7F5676FB938F}
		{045B6016-F9C0-4BA5-BC02-D74E614BCF0C} = {BAB93EF4-A6EE-494B-A883-7F5676FB938F}
		{AB8D1E29-A2E1-4A06-917E-E24451B08E24} = {BAB93EF4-A6EE-494B-A883-7F5676FB938F}
		{09190157-EFCB-4F3D-89E0-B5C21419C42F} = {902F1C4F-0C7A-412E-A4DF-BC8531BCA2BA}
		{FAC9AC3B-8CB6-4202-8137-66D51AF93C9A} = {BAB93EF4-A6EE-494B-A883-7F5676FB938F}
		{8279747E-01BA-4E2F-B590-7811B7620694} = {BAB93EF4-A6EE-494B-A883-7F5676FB938F}
		{E7413A50-6394-4844-93E7-BE4C9A0B8710} = {AB8D1E29-A2E1-4A06-917E-E24451B08E24}
		{EB9BD24C-E584-488D-9396-73E0BA9E4C41} = {FAC9AC3B-8CB6-4202-8137-66D51AF93C9A}
	EndGlobalSection
EndGlobal
